
Microsoft Visual Studio Solution File, Format Version 12.00
# Visual Studio Version 17
VisualStudioVersion = 17.2.32526.322
MinimumVisualStudioVersion = 10.0.40219.1
Project("{FAE04EC0-301F-11D3-BF4B-00C04F79EFBC}") = "Bank USSD", "Bank USSD\Bank USSD.csproj", "{EE57A4BC-7420-432B-ABBE-671AB1A951F0}"
EndProject
Global
	GlobalSection(SolutionConfigurationPlatforms) = preSolution
		Debug|Any CPU = Debug|Any CPU
		Release|Any CPU = Release|Any CPU
	EndGlobalSection
	GlobalSection(ProjectConfigurationPlatforms) = postSolution
		{EE57A4BC-7420-432B-ABBE-671AB1A951F0}.Debug|Any CPU.ActiveCfg = Debug|Any CPU
		{EE57A4BC-7420-432B-ABBE-671AB1A951F0}.Debug|Any CPU.Build.0 = Debug|Any CPU
		{EE57A4BC-7420-432B-ABBE-671AB1A951F0}.Release|Any CPU.ActiveCfg = Release|Any CPU
		{EE57A4BC-7420-432B-ABBE-671AB1A951F0}.Release|Any CPU.Build.0 = Release|Any CPU
	EndGlobalSection
	GlobalSection(SolutionProperties) = preSolution
		HideSolutionNode = FALSE
	EndGlobalSection
	GlobalSection(ExtensibilityGlobals) = postSolution
		SolutionGuid = {C6EBDAEF-343D-4F35-BBAB-22A791E21DF3}
	EndGlobalSection
EndGlobal
